// !$*UTF8*$!
{
	archiveVersion = 1;
	classes = {
	};
	objectVersion = 56;
	objects = {

/* Begin PBXBuildFile section */
		0017D6482B74F41000675168 /* AppDelegate.swift in Sources */ = {isa = PBXBuildFile; fileRef = 0017D6472B74F41000675168 /* AppDelegate.swift */; };
		0017D64A2B74F41000675168 /* SceneDelegate.swift in Sources */ = {isa = PBXBuildFile; fileRef = 0017D6492B74F41000675168 /* SceneDelegate.swift */; };
		0017D6512B74F41100675168 /* Assets.xcassets in Resources */ = {isa = PBXBuildFile; fileRef = 0017D6502B74F41100675168 /* Assets.xcassets */; };
		0017D6542B74F41100675168 /* LaunchScreen.storyboard in Resources */ = {isa = PBXBuildFile; fileRef = 0017D6522B74F41100675168 /* LaunchScreen.storyboard */; };
		0017D65D2B75031A00675168 /* TabBarController.swift in Sources */ = {isa = PBXBuildFile; fileRef = 0017D65C2B75031A00675168 /* TabBarController.swift */; };
		0017D6612B7503A800675168 /* StatisticsViewController.swift in Sources */ = {isa = PBXBuildFile; fileRef = 0017D6602B7503A800675168 /* StatisticsViewController.swift */; };
		0017D6632B7503DB00675168 /* TrackersViewController.swift in Sources */ = {isa = PBXBuildFile; fileRef = 0017D6622B7503DB00675168 /* TrackersViewController.swift */; };
		0017D6862B752FAB00675168 /* Tracker.swift in Sources */ = {isa = PBXBuildFile; fileRef = 0017D6852B752FAB00675168 /* Tracker.swift */; };
		0017D6892B75308700675168 /* Days.swift in Sources */ = {isa = PBXBuildFile; fileRef = 0017D6882B75308700675168 /* Days.swift */; };
		0017D68B2B75312F00675168 /* TrackerCategory.swift in Sources */ = {isa = PBXBuildFile; fileRef = 0017D68A2B75312F00675168 /* TrackerCategory.swift */; };
		0017D68D2B75315B00675168 /* TrackerRecord.swift in Sources */ = {isa = PBXBuildFile; fileRef = 0017D68C2B75315B00675168 /* TrackerRecord.swift */; };
		0017D68F2B766FD400675168 /* TrackerCollectionViewCell.swift in Sources */ = {isa = PBXBuildFile; fileRef = 0017D68E2B766FD400675168 /* TrackerCollectionViewCell.swift */; };
		0017D6912B767E3200675168 /* TrackerDate.swift in Sources */ = {isa = PBXBuildFile; fileRef = 0017D6902B767E3200675168 /* TrackerDate.swift */; };
		0017D6952B76B0C200675168 /* TrackerCollectionViewHeader.swift in Sources */ = {isa = PBXBuildFile; fileRef = 0017D6942B76B0C200675168 /* TrackerCollectionViewHeader.swift */; };
		0017D6982B76E7F800675168 /* SelectionTypeViewController.swift in Sources */ = {isa = PBXBuildFile; fileRef = 0017D6972B76E7F800675168 /* SelectionTypeViewController.swift */; };
		0017D69A2B77BF1800675168 /* TrackersViewControllerProtocol.swift in Sources */ = {isa = PBXBuildFile; fileRef = 0017D6992B77BF1800675168 /* TrackersViewControllerProtocol.swift */; };
		0017D69E2B77D03600675168 /* CreateEventViewController.swift in Sources */ = {isa = PBXBuildFile; fileRef = 0017D69D2B77D03600675168 /* CreateEventViewController.swift */; };
		0017D6A02B77D3E800675168 /* NameTextField.swift in Sources */ = {isa = PBXBuildFile; fileRef = 0017D69F2B77D3E800675168 /* NameTextField.swift */; };
		0017D6A22B77F85F00675168 /* ItemBackgroundView.swift in Sources */ = {isa = PBXBuildFile; fileRef = 0017D6A12B77F85F00675168 /* ItemBackgroundView.swift */; };
		0017D6A82B77FCCA00675168 /* SwitchDayItemView.swift in Sources */ = {isa = PBXBuildFile; fileRef = 0017D6A72B77FCCA00675168 /* SwitchDayItemView.swift */; };
		0017D6AA2B780CB300675168 /* SelectButtonItemView.swift in Sources */ = {isa = PBXBuildFile; fileRef = 0017D6A92B780CB200675168 /* SelectButtonItemView.swift */; };
		0017D6AC2B781F7800675168 /* CreateHabitViewController.swift in Sources */ = {isa = PBXBuildFile; fileRef = 0017D6AB2B781F7800675168 /* CreateHabitViewController.swift */; };
		0017D6AE2B794C1900675168 /* SelectDayViewController.swift in Sources */ = {isa = PBXBuildFile; fileRef = 0017D6AD2B794C1900675168 /* SelectDayViewController.swift */; };
		0017D6B02B79593700675168 /* CreateHabitViewControllerDelegate.swift in Sources */ = {isa = PBXBuildFile; fileRef = 0017D6AF2B79593700675168 /* CreateHabitViewControllerDelegate.swift */; };
		00728AB12BC2A4D10006B06F /* Localizable.strings in Resources */ = {isa = PBXBuildFile; fileRef = 00728AB02BC2A4D10006B06F /* Localizable.strings */; };
		00728AB32BC2B1090006B06F /* Localizable.stringsdict in Resources */ = {isa = PBXBuildFile; fileRef = 00728AB22BC2B1090006B06F /* Localizable.stringsdict */; };
		00BAE4C32BB8AE65007338DC /* OnboardingPageViewController.swift in Sources */ = {isa = PBXBuildFile; fileRef = 00BAE4C22BB8AE65007338DC /* OnboardingPageViewController.swift */; };
		00BAE4C52BB8AFA8007338DC /* OnboardingViewController.swift in Sources */ = {isa = PBXBuildFile; fileRef = 00BAE4C42BB8AFA8007338DC /* OnboardingViewController.swift */; };
		00BAE4C92BB8C439007338DC /* SelectCategoryViewController.swift in Sources */ = {isa = PBXBuildFile; fileRef = 00BAE4C82BB8C439007338DC /* SelectCategoryViewController.swift */; };
		00BAE4CB2BB98D47007338DC /* SelectCategoryViewCell.swift in Sources */ = {isa = PBXBuildFile; fileRef = 00BAE4CA2BB98D47007338DC /* SelectCategoryViewCell.swift */; };
		00BAE4CD2BB99711007338DC /* SelectCategoryViewModel.swift in Sources */ = {isa = PBXBuildFile; fileRef = 00BAE4CC2BB99711007338DC /* SelectCategoryViewModel.swift */; };
		00BAE4CF2BB9FB26007338DC /* CreateCategoryViewController.swift in Sources */ = {isa = PBXBuildFile; fileRef = 00BAE4CE2BB9FB26007338DC /* CreateCategoryViewController.swift */; };
		00D4A25D2B910C72008BC7B2 /* Tracker.xcdatamodeld in Sources */ = {isa = PBXBuildFile; fileRef = 00D4A25B2B910C72008BC7B2 /* Tracker.xcdatamodeld */; };
		00D4A25F2B910E78008BC7B2 /* DaysValueTransformer.swift in Sources */ = {isa = PBXBuildFile; fileRef = 00D4A25E2B910E78008BC7B2 /* DaysValueTransformer.swift */; };
		00D4A2872B911991008BC7B2 /* TrackerStore.swift in Sources */ = {isa = PBXBuildFile; fileRef = 00D4A2862B911991008BC7B2 /* TrackerStore.swift */; };
		00D4A2892B9119A0008BC7B2 /* TrackerCategoryStore.swift in Sources */ = {isa = PBXBuildFile; fileRef = 00D4A2882B9119A0008BC7B2 /* TrackerCategoryStore.swift */; };
		00D4A28B2B9119AC008BC7B2 /* TrackerRecordStore.swift in Sources */ = {isa = PBXBuildFile; fileRef = 00D4A28A2B9119AC008BC7B2 /* TrackerRecordStore.swift */; };
		00F577FF2B8E438D00054F5C /* UIColor+Extension.swift in Sources */ = {isa = PBXBuildFile; fileRef = 00F577FE2B8E438D00054F5C /* UIColor+Extension.swift */; };
		00F578012B8E43E200054F5C /* EmojiCollectionViewCell.swift in Sources */ = {isa = PBXBuildFile; fileRef = 00F578002B8E43E200054F5C /* EmojiCollectionViewCell.swift */; };
		00F578052B8E702E00054F5C /* CollectionViewHeader.swift in Sources */ = {isa = PBXBuildFile; fileRef = 00F578042B8E702E00054F5C /* CollectionViewHeader.swift */; };
		00F578072B8E716000054F5C /* ColorCollectionViewCell.swift in Sources */ = {isa = PBXBuildFile; fileRef = 00F578062B8E715F00054F5C /* ColorCollectionViewCell.swift */; };
/* End PBXBuildFile section */

/* Begin PBXFileReference section */
		0017D6442B74F41000675168 /* Tracker.app */ = {isa = PBXFileReference; explicitFileType = wrapper.application; includeInIndex = 0; path = Tracker.app; sourceTree = BUILT_PRODUCTS_DIR; };
		0017D6472B74F41000675168 /* AppDelegate.swift */ = {isa = PBXFileReference; lastKnownFileType = sourcecode.swift; path = AppDelegate.swift; sourceTree = "<group>"; };
		0017D6492B74F41000675168 /* SceneDelegate.swift */ = {isa = PBXFileReference; lastKnownFileType = sourcecode.swift; path = SceneDelegate.swift; sourceTree = "<group>"; };
		0017D6502B74F41100675168 /* Assets.xcassets */ = {isa = PBXFileReference; lastKnownFileType = folder.assetcatalog; path = Assets.xcassets; sourceTree = "<group>"; };
		0017D6532B74F41100675168 /* Base */ = {isa = PBXFileReference; lastKnownFileType = file.storyboard; name = Base; path = Base.lproj/LaunchScreen.storyboard; sourceTree = "<group>"; };
		0017D6552B74F41100675168 /* Info.plist */ = {isa = PBXFileReference; lastKnownFileType = text.plist.xml; path = Info.plist; sourceTree = "<group>"; };
		0017D65C2B75031A00675168 /* TabBarController.swift */ = {isa = PBXFileReference; lastKnownFileType = sourcecode.swift; path = TabBarController.swift; sourceTree = "<group>"; };
		0017D6602B7503A800675168 /* StatisticsViewController.swift */ = {isa = PBXFileReference; lastKnownFileType = sourcecode.swift; path = StatisticsViewController.swift; sourceTree = "<group>"; };
		0017D6622B7503DB00675168 /* TrackersViewController.swift */ = {isa = PBXFileReference; lastKnownFileType = sourcecode.swift; path = TrackersViewController.swift; sourceTree = "<group>"; };
		0017D6852B752FAB00675168 /* Tracker.swift */ = {isa = PBXFileReference; lastKnownFileType = sourcecode.swift; path = Tracker.swift; sourceTree = "<group>"; };
		0017D6882B75308700675168 /* Days.swift */ = {isa = PBXFileReference; lastKnownFileType = sourcecode.swift; path = Days.swift; sourceTree = "<group>"; };
		0017D68A2B75312F00675168 /* TrackerCategory.swift */ = {isa = PBXFileReference; lastKnownFileType = sourcecode.swift; path = TrackerCategory.swift; sourceTree = "<group>"; };
		0017D68C2B75315B00675168 /* TrackerRecord.swift */ = {isa = PBXFileReference; lastKnownFileType = sourcecode.swift; path = TrackerRecord.swift; sourceTree = "<group>"; };
		0017D68E2B766FD400675168 /* TrackerCollectionViewCell.swift */ = {isa = PBXFileReference; lastKnownFileType = sourcecode.swift; path = TrackerCollectionViewCell.swift; sourceTree = "<group>"; };
		0017D6902B767E3200675168 /* TrackerDate.swift */ = {isa = PBXFileReference; lastKnownFileType = sourcecode.swift; path = TrackerDate.swift; sourceTree = "<group>"; };
		0017D6942B76B0C200675168 /* TrackerCollectionViewHeader.swift */ = {isa = PBXFileReference; lastKnownFileType = sourcecode.swift; path = TrackerCollectionViewHeader.swift; sourceTree = "<group>"; };
		0017D6972B76E7F800675168 /* SelectionTypeViewController.swift */ = {isa = PBXFileReference; lastKnownFileType = sourcecode.swift; path = SelectionTypeViewController.swift; sourceTree = "<group>"; };
		0017D6992B77BF1800675168 /* TrackersViewControllerProtocol.swift */ = {isa = PBXFileReference; lastKnownFileType = sourcecode.swift; path = TrackersViewControllerProtocol.swift; sourceTree = "<group>"; };
		0017D69D2B77D03600675168 /* CreateEventViewController.swift */ = {isa = PBXFileReference; lastKnownFileType = sourcecode.swift; path = CreateEventViewController.swift; sourceTree = "<group>"; };
		0017D69F2B77D3E800675168 /* NameTextField.swift */ = {isa = PBXFileReference; lastKnownFileType = sourcecode.swift; path = NameTextField.swift; sourceTree = "<group>"; };
		0017D6A12B77F85F00675168 /* ItemBackgroundView.swift */ = {isa = PBXFileReference; lastKnownFileType = sourcecode.swift; path = ItemBackgroundView.swift; sourceTree = "<group>"; };
		0017D6A72B77FCCA00675168 /* SwitchDayItemView.swift */ = {isa = PBXFileReference; lastKnownFileType = sourcecode.swift; path = SwitchDayItemView.swift; sourceTree = "<group>"; };
		0017D6A92B780CB200675168 /* SelectButtonItemView.swift */ = {isa = PBXFileReference; lastKnownFileType = sourcecode.swift; path = SelectButtonItemView.swift; sourceTree = "<group>"; };
		0017D6AB2B781F7800675168 /* CreateHabitViewController.swift */ = {isa = PBXFileReference; lastKnownFileType = sourcecode.swift; path = CreateHabitViewController.swift; sourceTree = "<group>"; };
		0017D6AD2B794C1900675168 /* SelectDayViewController.swift */ = {isa = PBXFileReference; lastKnownFileType = sourcecode.swift; path = SelectDayViewController.swift; sourceTree = "<group>"; };
		0017D6AF2B79593700675168 /* CreateHabitViewControllerDelegate.swift */ = {isa = PBXFileReference; lastKnownFileType = sourcecode.swift; path = CreateHabitViewControllerDelegate.swift; sourceTree = "<group>"; };
		00728AB02BC2A4D10006B06F /* Localizable.strings */ = {isa = PBXFileReference; lastKnownFileType = text.plist.strings; path = Localizable.strings; sourceTree = "<group>"; };
		00728AB22BC2B1090006B06F /* Localizable.stringsdict */ = {isa = PBXFileReference; lastKnownFileType = text.plist.stringsdict; path = Localizable.stringsdict; sourceTree = "<group>"; };
		00BAE4C22BB8AE65007338DC /* OnboardingPageViewController.swift */ = {isa = PBXFileReference; lastKnownFileType = sourcecode.swift; path = OnboardingPageViewController.swift; sourceTree = "<group>"; };
		00BAE4C42BB8AFA8007338DC /* OnboardingViewController.swift */ = {isa = PBXFileReference; lastKnownFileType = sourcecode.swift; path = OnboardingViewController.swift; sourceTree = "<group>"; };
		00BAE4C82BB8C439007338DC /* SelectCategoryViewController.swift */ = {isa = PBXFileReference; lastKnownFileType = sourcecode.swift; path = SelectCategoryViewController.swift; sourceTree = "<group>"; };
		00BAE4CA2BB98D47007338DC /* SelectCategoryViewCell.swift */ = {isa = PBXFileReference; lastKnownFileType = sourcecode.swift; path = SelectCategoryViewCell.swift; sourceTree = "<group>"; };
		00BAE4CC2BB99711007338DC /* SelectCategoryViewModel.swift */ = {isa = PBXFileReference; lastKnownFileType = sourcecode.swift; path = SelectCategoryViewModel.swift; sourceTree = "<group>"; };
		00BAE4CE2BB9FB26007338DC /* CreateCategoryViewController.swift */ = {isa = PBXFileReference; lastKnownFileType = sourcecode.swift; path = CreateCategoryViewController.swift; sourceTree = "<group>"; };
		00D4A25C2B910C72008BC7B2 /* TrackerDataModel.xcdatamodel */ = {isa = PBXFileReference; lastKnownFileType = wrapper.xcdatamodel; path = TrackerDataModel.xcdatamodel; sourceTree = "<group>"; };
		00D4A25E2B910E78008BC7B2 /* DaysValueTransformer.swift */ = {isa = PBXFileReference; lastKnownFileType = sourcecode.swift; path = DaysValueTransformer.swift; sourceTree = "<group>"; };
		00D4A2862B911991008BC7B2 /* TrackerStore.swift */ = {isa = PBXFileReference; lastKnownFileType = sourcecode.swift; path = TrackerStore.swift; sourceTree = "<group>"; };
		00D4A2882B9119A0008BC7B2 /* TrackerCategoryStore.swift */ = {isa = PBXFileReference; lastKnownFileType = sourcecode.swift; path = TrackerCategoryStore.swift; sourceTree = "<group>"; };
		00D4A28A2B9119AC008BC7B2 /* TrackerRecordStore.swift */ = {isa = PBXFileReference; lastKnownFileType = sourcecode.swift; path = TrackerRecordStore.swift; sourceTree = "<group>"; };
		00F577FE2B8E438D00054F5C /* UIColor+Extension.swift */ = {isa = PBXFileReference; lastKnownFileType = sourcecode.swift; path = "UIColor+Extension.swift"; sourceTree = "<group>"; };
		00F578002B8E43E200054F5C /* EmojiCollectionViewCell.swift */ = {isa = PBXFileReference; lastKnownFileType = sourcecode.swift; path = EmojiCollectionViewCell.swift; sourceTree = "<group>"; };
		00F578042B8E702E00054F5C /* CollectionViewHeader.swift */ = {isa = PBXFileReference; lastKnownFileType = sourcecode.swift; path = CollectionViewHeader.swift; sourceTree = "<group>"; };
		00F578062B8E715F00054F5C /* ColorCollectionViewCell.swift */ = {isa = PBXFileReference; lastKnownFileType = sourcecode.swift; path = ColorCollectionViewCell.swift; sourceTree = "<group>"; };
/* End PBXFileReference section */

/* Begin PBXFrameworksBuildPhase section */
		0017D6412B74F41000675168 /* Frameworks */ = {
			isa = PBXFrameworksBuildPhase;
			buildActionMask = 2147483647;
			files = (
			);
			runOnlyForDeploymentPostprocessing = 0;
		};
/* End PBXFrameworksBuildPhase section */

/* Begin PBXGroup section */
		0017D63B2B74F41000675168 = {
			isa = PBXGroup;
			children = (
				0017D6462B74F41000675168 /* Tracker */,
				0017D6452B74F41000675168 /* Products */,
			);
			sourceTree = "<group>";
		};
		0017D6452B74F41000675168 /* Products */ = {
			isa = PBXGroup;
			children = (
				0017D6442B74F41000675168 /* Tracker.app */,
			);
			name = Products;
			sourceTree = "<group>";
		};
		0017D6462B74F41000675168 /* Tracker */ = {
			isa = PBXGroup;
			children = (
				00728AAF2BC2A4A30006B06F /* Resources */,
				00D4A25B2B910C72008BC7B2 /* Tracker.xcdatamodeld */,
				00D4A2832B9113C4008BC7B2 /* CoreData */,
				0017D6872B75307C00675168 /* Helper */,
				0017D6842B752FA100675168 /* Models */,
				0017D65F2B75037B00675168 /* Statistics */,
				0017D6A32B77FBB400675168 /* ItemViews */,
				0017D6962B76E7BE00675168 /* CreateTreacker */,
				0017D65E2B75035900675168 /* Trackers */,
				0017D65B2B75030500675168 /* TabBar */,
				00BAE4C12BB8AE54007338DC /* OnboardingViewController */,
				0017D6472B74F41000675168 /* AppDelegate.swift */,
				0017D6492B74F41000675168 /* SceneDelegate.swift */,
				0017D6502B74F41100675168 /* Assets.xcassets */,
				0017D6522B74F41100675168 /* LaunchScreen.storyboard */,
				0017D6552B74F41100675168 /* Info.plist */,
			);
			path = Tracker;
			sourceTree = "<group>";
		};
		0017D65B2B75030500675168 /* TabBar */ = {
			isa = PBXGroup;
			children = (
				0017D65C2B75031A00675168 /* TabBarController.swift */,
			);
			path = TabBar;
			sourceTree = "<group>";
		};
		0017D65E2B75035900675168 /* Trackers */ = {
			isa = PBXGroup;
			children = (
				0017D6992B77BF1800675168 /* TrackersViewControllerProtocol.swift */,
				0017D6622B7503DB00675168 /* TrackersViewController.swift */,
				0017D68E2B766FD400675168 /* TrackerCollectionViewCell.swift */,
				0017D6942B76B0C200675168 /* TrackerCollectionViewHeader.swift */,
			);
			path = Trackers;
			sourceTree = "<group>";
		};
		0017D65F2B75037B00675168 /* Statistics */ = {
			isa = PBXGroup;
			children = (
				0017D6602B7503A800675168 /* StatisticsViewController.swift */,
			);
			path = Statistics;
			sourceTree = "<group>";
		};
		0017D6842B752FA100675168 /* Models */ = {
			isa = PBXGroup;
			children = (
				0017D6852B752FAB00675168 /* Tracker.swift */,
				0017D68A2B75312F00675168 /* TrackerCategory.swift */,
				0017D68C2B75315B00675168 /* TrackerRecord.swift */,
			);
			path = Models;
			sourceTree = "<group>";
		};
		0017D6872B75307C00675168 /* Helper */ = {
			isa = PBXGroup;
			children = (
				00D4A25E2B910E78008BC7B2 /* DaysValueTransformer.swift */,
				0017D6882B75308700675168 /* Days.swift */,
				0017D6902B767E3200675168 /* TrackerDate.swift */,
				00F577FE2B8E438D00054F5C /* UIColor+Extension.swift */,
			);
			path = Helper;
			sourceTree = "<group>";
		};
		0017D6962B76E7BE00675168 /* CreateTreacker */ = {
			isa = PBXGroup;
			children = (
				0017D6972B76E7F800675168 /* SelectionTypeViewController.swift */,
				0017D69D2B77D03600675168 /* CreateEventViewController.swift */,
				0017D69F2B77D3E800675168 /* NameTextField.swift */,
				0017D6AB2B781F7800675168 /* CreateHabitViewController.swift */,
				0017D6AD2B794C1900675168 /* SelectDayViewController.swift */,
				0017D6AF2B79593700675168 /* CreateHabitViewControllerDelegate.swift */,
				00F578002B8E43E200054F5C /* EmojiCollectionViewCell.swift */,
				00F578042B8E702E00054F5C /* CollectionViewHeader.swift */,
				00F578062B8E715F00054F5C /* ColorCollectionViewCell.swift */,
				00BAE4C82BB8C439007338DC /* SelectCategoryViewController.swift */,
				00BAE4CA2BB98D47007338DC /* SelectCategoryViewCell.swift */,
				00BAE4CC2BB99711007338DC /* SelectCategoryViewModel.swift */,
				00BAE4CE2BB9FB26007338DC /* CreateCategoryViewController.swift */,
			);
			path = CreateTreacker;
			sourceTree = "<group>";
		};
		0017D6A32B77FBB400675168 /* ItemViews */ = {
			isa = PBXGroup;
			children = (
				0017D6A12B77F85F00675168 /* ItemBackgroundView.swift */,
				0017D6A72B77FCCA00675168 /* SwitchDayItemView.swift */,
				0017D6A92B780CB200675168 /* SelectButtonItemView.swift */,
			);
			path = ItemViews;
			sourceTree = "<group>";
		};
		00728AAF2BC2A4A30006B06F /* Resources */ = {
			isa = PBXGroup;
			children = (
				00728AB02BC2A4D10006B06F /* Localizable.strings */,
				00728AB22BC2B1090006B06F /* Localizable.stringsdict */,
			);
			path = Resources;
			sourceTree = "<group>";
		};
		00BAE4C12BB8AE54007338DC /* OnboardingViewController */ = {
			isa = PBXGroup;
			children = (
				00BAE4C22BB8AE65007338DC /* OnboardingPageViewController.swift */,
				00BAE4C42BB8AFA8007338DC /* OnboardingViewController.swift */,
			);
			path = OnboardingViewController;
			sourceTree = "<group>";
		};
		00D4A2832B9113C4008BC7B2 /* CoreData */ = {
			isa = PBXGroup;
			children = (
				00D4A2862B911991008BC7B2 /* TrackerStore.swift */,
				00D4A2882B9119A0008BC7B2 /* TrackerCategoryStore.swift */,
				00D4A28A2B9119AC008BC7B2 /* TrackerRecordStore.swift */,
			);
			path = CoreData;
			sourceTree = "<group>";
		};
/* End PBXGroup section */

/* Begin PBXNativeTarget section */
		0017D6432B74F41000675168 /* Tracker */ = {
			isa = PBXNativeTarget;
			buildConfigurationList = 0017D6582B74F41100675168 /* Build configuration list for PBXNativeTarget "Tracker" */;
			buildPhases = (
				0017D6402B74F41000675168 /* Sources */,
				0017D6412B74F41000675168 /* Frameworks */,
				0017D6422B74F41000675168 /* Resources */,
			);
			buildRules = (
			);
			dependencies = (
			);
			name = Tracker;
			productName = Tracker;
			productReference = 0017D6442B74F41000675168 /* Tracker.app */;
			productType = "com.apple.product-type.application";
		};
/* End PBXNativeTarget section */

/* Begin PBXProject section */
		0017D63C2B74F41000675168 /* Project object */ = {
			isa = PBXProject;
			attributes = {
				BuildIndependentTargetsInParallel = 1;
				LastSwiftUpdateCheck = 1500;
				LastUpgradeCheck = 1500;
				TargetAttributes = {
					0017D6432B74F41000675168 = {
						CreatedOnToolsVersion = 15.0;
					};
				};
			};
			buildConfigurationList = 0017D63F2B74F41000675168 /* Build configuration list for PBXProject "Tracker" */;
			compatibilityVersion = "Xcode 14.0";
			developmentRegion = en;
			hasScannedForEncodings = 0;
			knownRegions = (
				en,
				Base,
			);
			mainGroup = 0017D63B2B74F41000675168;
			productRefGroup = 0017D6452B74F41000675168 /* Products */;
			projectDirPath = "";
			projectRoot = "";
			targets = (
				0017D6432B74F41000675168 /* Tracker */,
			);
		};
/* End PBXProject section */

/* Begin PBXResourcesBuildPhase section */
		0017D6422B74F41000675168 /* Resources */ = {
			isa = PBXResourcesBuildPhase;
			buildActionMask = 2147483647;
			files = (
				0017D6542B74F41100675168 /* LaunchScreen.storyboard in Resources */,
				00728AB32BC2B1090006B06F /* Localizable.stringsdict in Resources */,
				00728AB12BC2A4D10006B06F /* Localizable.strings in Resources */,
				0017D6512B74F41100675168 /* Assets.xcassets in Resources */,
			);
			runOnlyForDeploymentPostprocessing = 0;
		};
/* End PBXResourcesBuildPhase section */

/* Begin PBXSourcesBuildPhase section */
		0017D6402B74F41000675168 /* Sources */ = {
			isa = PBXSourcesBuildPhase;
			buildActionMask = 2147483647;
			files = (
				00BAE4C52BB8AFA8007338DC /* OnboardingViewController.swift in Sources */,
				0017D6862B752FAB00675168 /* Tracker.swift in Sources */,
				0017D6612B7503A800675168 /* StatisticsViewController.swift in Sources */,
				0017D68B2B75312F00675168 /* TrackerCategory.swift in Sources */,
				0017D6A82B77FCCA00675168 /* SwitchDayItemView.swift in Sources */,
				0017D65D2B75031A00675168 /* TabBarController.swift in Sources */,
				0017D6AC2B781F7800675168 /* CreateHabitViewController.swift in Sources */,
				0017D6B02B79593700675168 /* CreateHabitViewControllerDelegate.swift in Sources */,
				0017D6632B7503DB00675168 /* TrackersViewController.swift in Sources */,
				00D4A25D2B910C72008BC7B2 /* Tracker.xcdatamodeld in Sources */,
				00BAE4C92BB8C439007338DC /* SelectCategoryViewController.swift in Sources */,
				0017D6952B76B0C200675168 /* TrackerCollectionViewHeader.swift in Sources */,
				0017D68D2B75315B00675168 /* TrackerRecord.swift in Sources */,
				00D4A28B2B9119AC008BC7B2 /* TrackerRecordStore.swift in Sources */,
				0017D6892B75308700675168 /* Days.swift in Sources */,
				00F578052B8E702E00054F5C /* CollectionViewHeader.swift in Sources */,
				00BAE4CB2BB98D47007338DC /* SelectCategoryViewCell.swift in Sources */,
				00D4A25F2B910E78008BC7B2 /* DaysValueTransformer.swift in Sources */,
				00D4A2872B911991008BC7B2 /* TrackerStore.swift in Sources */,
				0017D6912B767E3200675168 /* TrackerDate.swift in Sources */,
				0017D6982B76E7F800675168 /* SelectionTypeViewController.swift in Sources */,
				0017D69A2B77BF1800675168 /* TrackersViewControllerProtocol.swift in Sources */,
				00F578072B8E716000054F5C /* ColorCollectionViewCell.swift in Sources */,
				0017D68F2B766FD400675168 /* TrackerCollectionViewCell.swift in Sources */,
				00F577FF2B8E438D00054F5C /* UIColor+Extension.swift in Sources */,
				0017D6482B74F41000675168 /* AppDelegate.swift in Sources */,
				00BAE4CD2BB99711007338DC /* SelectCategoryViewModel.swift in Sources */,
				0017D6AE2B794C1900675168 /* SelectDayViewController.swift in Sources */,
				00BAE4CF2BB9FB26007338DC /* CreateCategoryViewController.swift in Sources */,
				0017D6A22B77F85F00675168 /* ItemBackgroundView.swift in Sources */,
				00D4A2892B9119A0008BC7B2 /* TrackerCategoryStore.swift in Sources */,
				0017D64A2B74F41000675168 /* SceneDelegate.swift in Sources */,
				00BAE4C32BB8AE65007338DC /* OnboardingPageViewController.swift in Sources */,
				0017D6A02B77D3E800675168 /* NameTextField.swift in Sources */,
				00F578012B8E43E200054F5C /* EmojiCollectionViewCell.swift in Sources */,
				0017D6AA2B780CB300675168 /* SelectButtonItemView.swift in Sources */,
				0017D69E2B77D03600675168 /* CreateEventViewController.swift in Sources */,
			);
			runOnlyForDeploymentPostprocessing = 0;
		};
/* End PBXSourcesBuildPhase section */

/* Begin PBXVariantGroup section */
		0017D6522B74F41100675168 /* LaunchScreen.storyboard */ = {
			isa = PBXVariantGroup;
			children = (
				0017D6532B74F41100675168 /* Base */,
			);
			name = LaunchScreen.storyboard;
			sourceTree = "<group>";
		};
/* End PBXVariantGroup section */

/* Begin XCBuildConfiguration section */
		0017D6562B74F41100675168 /* Debug */ = {
			isa = XCBuildConfiguration;
			buildSettings = {
				ALWAYS_SEARCH_USER_PATHS = NO;
				ASSETCATALOG_COMPILER_GENERATE_SWIFT_ASSET_SYMBOL_EXTENSIONS = YES;
				CLANG_ANALYZER_NONNULL = YES;
				CLANG_ANALYZER_NUMBER_OBJECT_CONVERSION = YES_AGGRESSIVE;
				CLANG_CXX_LANGUAGE_STANDARD = "gnu++20";
				CLANG_ENABLE_MODULES = YES;
				CLANG_ENABLE_OBJC_ARC = YES;
				CLANG_ENABLE_OBJC_WEAK = YES;
				CLANG_WARN_BLOCK_CAPTURE_AUTORELEASING = YES;
				CLANG_WARN_BOOL_CONVERSION = YES;
				CLANG_WARN_COMMA = YES;
				CLANG_WARN_CONSTANT_CONVERSION = YES;
				CLANG_WARN_DEPRECATED_OBJC_IMPLEMENTATIONS = YES;
				CLANG_WARN_DIRECT_OBJC_ISA_USAGE = YES_ERROR;
				CLANG_WARN_DOCUMENTATION_COMMENTS = YES;
				CLANG_WARN_EMPTY_BODY = YES;
				CLANG_WARN_ENUM_CONVERSION = YES;
				CLANG_WARN_INFINITE_RECURSION = YES;
				CLANG_WARN_INT_CONVERSION = YES;
				CLANG_WARN_NON_LITERAL_NULL_CONVERSION = YES;
				CLANG_WARN_OBJC_IMPLICIT_RETAIN_SELF = YES;
				CLANG_WARN_OBJC_LITERAL_CONVERSION = YES;
				CLANG_WARN_OBJC_ROOT_CLASS = YES_ERROR;
				CLANG_WARN_QUOTED_INCLUDE_IN_FRAMEWORK_HEADER = YES;
				CLANG_WARN_RANGE_LOOP_ANALYSIS = YES;
				CLANG_WARN_STRICT_PROTOTYPES = YES;
				CLANG_WARN_SUSPICIOUS_MOVE = YES;
				CLANG_WARN_UNGUARDED_AVAILABILITY = YES_AGGRESSIVE;
				CLANG_WARN_UNREACHABLE_CODE = YES;
				CLANG_WARN__DUPLICATE_METHOD_MATCH = YES;
				COPY_PHASE_STRIP = NO;
				DEBUG_INFORMATION_FORMAT = dwarf;
				ENABLE_STRICT_OBJC_MSGSEND = YES;
				ENABLE_TESTABILITY = YES;
				ENABLE_USER_SCRIPT_SANDBOXING = YES;
				GCC_C_LANGUAGE_STANDARD = gnu17;
				GCC_DYNAMIC_NO_PIC = NO;
				GCC_NO_COMMON_BLOCKS = YES;
				GCC_OPTIMIZATION_LEVEL = 0;
				GCC_PREPROCESSOR_DEFINITIONS = (
					"DEBUG=1",
					"$(inherited)",
				);
				GCC_WARN_64_TO_32_BIT_CONVERSION = YES;
				GCC_WARN_ABOUT_RETURN_TYPE = YES_ERROR;
				GCC_WARN_UNDECLARED_SELECTOR = YES;
				GCC_WARN_UNINITIALIZED_AUTOS = YES_AGGRESSIVE;
				GCC_WARN_UNUSED_FUNCTION = YES;
				GCC_WARN_UNUSED_VARIABLE = YES;
				IPHONEOS_DEPLOYMENT_TARGET = 13.4;
				LOCALIZATION_PREFERS_STRING_CATALOGS = YES;
				MTL_ENABLE_DEBUG_INFO = INCLUDE_SOURCE;
				MTL_FAST_MATH = YES;
				ONLY_ACTIVE_ARCH = YES;
				SDKROOT = iphoneos;
				SWIFT_ACTIVE_COMPILATION_CONDITIONS = "DEBUG $(inherited)";
				SWIFT_OPTIMIZATION_LEVEL = "-Onone";
			};
			name = Debug;
		};
		0017D6572B74F41100675168 /* Release */ = {
			isa = XCBuildConfiguration;
			buildSettings = {
				ALWAYS_SEARCH_USER_PATHS = NO;
				ASSETCATALOG_COMPILER_GENERATE_SWIFT_ASSET_SYMBOL_EXTENSIONS = YES;
				CLANG_ANALYZER_NONNULL = YES;
				CLANG_ANALYZER_NUMBER_OBJECT_CONVERSION = YES_AGGRESSIVE;
				CLANG_CXX_LANGUAGE_STANDARD = "gnu++20";
				CLANG_ENABLE_MODULES = YES;
				CLANG_ENABLE_OBJC_ARC = YES;
				CLANG_ENABLE_OBJC_WEAK = YES;
				CLANG_WARN_BLOCK_CAPTURE_AUTORELEASING = YES;
				CLANG_WARN_BOOL_CONVERSION = YES;
				CLANG_WARN_COMMA = YES;
				CLANG_WARN_CONSTANT_CONVERSION = YES;
				CLANG_WARN_DEPRECATED_OBJC_IMPLEMENTATIONS = YES;
				CLANG_WARN_DIRECT_OBJC_ISA_USAGE = YES_ERROR;
				CLANG_WARN_DOCUMENTATION_COMMENTS = YES;
				CLANG_WARN_EMPTY_BODY = YES;
				CLANG_WARN_ENUM_CONVERSION = YES;
				CLANG_WARN_INFINITE_RECURSION = YES;
				CLANG_WARN_INT_CONVERSION = YES;
				CLANG_WARN_NON_LITERAL_NULL_CONVERSION = YES;
				CLANG_WARN_OBJC_IMPLICIT_RETAIN_SELF = YES;
				CLANG_WARN_OBJC_LITERAL_CONVERSION = YES;
				CLANG_WARN_OBJC_ROOT_CLASS = YES_ERROR;
				CLANG_WARN_QUOTED_INCLUDE_IN_FRAMEWORK_HEADER = YES;
				CLANG_WARN_RANGE_LOOP_ANALYSIS = YES;
				CLANG_WARN_STRICT_PROTOTYPES = YES;
				CLANG_WARN_SUSPICIOUS_MOVE = YES;
				CLANG_WARN_UNGUARDED_AVAILABILITY = YES_AGGRESSIVE;
				CLANG_WARN_UNREACHABLE_CODE = YES;
				CLANG_WARN__DUPLICATE_METHOD_MATCH = YES;
				COPY_PHASE_STRIP = NO;
				DEBUG_INFORMATION_FORMAT = "dwarf-with-dsym";
				ENABLE_NS_ASSERTIONS = NO;
				ENABLE_STRICT_OBJC_MSGSEND = YES;
				ENABLE_USER_SCRIPT_SANDBOXING = YES;
				GCC_C_LANGUAGE_STANDARD = gnu17;
				GCC_NO_COMMON_BLOCKS = YES;
				GCC_WARN_64_TO_32_BIT_CONVERSION = YES;
				GCC_WARN_ABOUT_RETURN_TYPE = YES_ERROR;
				GCC_WARN_UNDECLARED_SELECTOR = YES;
				GCC_WARN_UNINITIALIZED_AUTOS = YES_AGGRESSIVE;
				GCC_WARN_UNUSED_FUNCTION = YES;
				GCC_WARN_UNUSED_VARIABLE = YES;
				IPHONEOS_DEPLOYMENT_TARGET = 13.4;
				LOCALIZATION_PREFERS_STRING_CATALOGS = YES;
				MTL_ENABLE_DEBUG_INFO = NO;
				MTL_FAST_MATH = YES;
				SDKROOT = iphoneos;
				SWIFT_COMPILATION_MODE = wholemodule;
				VALIDATE_PRODUCT = YES;
			};
			name = Release;
		};
		0017D6592B74F41100675168 /* Debug */ = {
			isa = XCBuildConfiguration;
			buildSettings = {
				ASSETCATALOG_COMPILER_APPICON_NAME = AppIcon;
				ASSETCATALOG_COMPILER_GLOBAL_ACCENT_COLOR_NAME = AccentColor;
				CODE_SIGN_STYLE = Automatic;
				CURRENT_PROJECT_VERSION = 1;
				DEVELOPMENT_TEAM = KPDY9N2JR6;
				GENERATE_INFOPLIST_FILE = YES;
				INFOPLIST_FILE = Tracker/Info.plist;
				INFOPLIST_KEY_UIApplicationSupportsIndirectInputEvents = YES;
				INFOPLIST_KEY_UILaunchStoryboardName = LaunchScreen;
				INFOPLIST_KEY_UIStatusBarStyle = "";
				INFOPLIST_KEY_UISupportedInterfaceOrientations = UIInterfaceOrientationPortrait;
				IPHONEOS_DEPLOYMENT_TARGET = 13.4;
				LD_RUNPATH_SEARCH_PATHS = (
					"$(inherited)",
					"@executable_path/Frameworks",
				);
				MARKETING_VERSION = 1.0;
				PRODUCT_BUNDLE_IDENTIFIER = ru.sazonov.Tracker;
				PRODUCT_NAME = "$(TARGET_NAME)";
				SUPPORTED_PLATFORMS = "iphoneos iphonesimulator";
				SUPPORTS_MACCATALYST = NO;
				SUPPORTS_MAC_DESIGNED_FOR_IPHONE_IPAD = NO;
				SWIFT_EMIT_LOC_STRINGS = YES;
				SWIFT_VERSION = 5.0;
				TARGETED_DEVICE_FAMILY = 1;
			};
			name = Debug;
		};
		0017D65A2B74F41100675168 /* Release */ = {
			isa = XCBuildConfiguration;
			buildSettings = {
				ASSETCATALOG_COMPILER_APPICON_NAME = AppIcon;
				ASSETCATALOG_COMPILER_GLOBAL_ACCENT_COLOR_NAME = AccentColor;
				CODE_SIGN_STYLE = Automatic;
				CURRENT_PROJECT_VERSION = 1;
				DEVELOPMENT_TEAM = KPDY9N2JR6;
				GENERATE_INFOPLIST_FILE = YES;
				INFOPLIST_FILE = Tracker/Info.plist;
				INFOPLIST_KEY_UIApplicationSupportsIndirectInputEvents = YES;
				INFOPLIST_KEY_UILaunchStoryboardName = LaunchScreen;
				INFOPLIST_KEY_UIStatusBarStyle = "";
				INFOPLIST_KEY_UISupportedInterfaceOrientations = UIInterfaceOrientationPortrait;
				IPHONEOS_DEPLOYMENT_TARGET = 13.4;
				LD_RUNPATH_SEARCH_PATHS = (
					"$(inherited)",
					"@executable_path/Frameworks",
				);
				MARKETING_VERSION = 1.0;
				PRODUCT_BUNDLE_IDENTIFIER = ru.sazonov.Tracker;
				PRODUCT_NAME = "$(TARGET_NAME)";
				SUPPORTED_PLATFORMS = "iphoneos iphonesimulator";
				SUPPORTS_MACCATALYST = NO;
				SUPPORTS_MAC_DESIGNED_FOR_IPHONE_IPAD = NO;
				SWIFT_EMIT_LOC_STRINGS = YES;
				SWIFT_VERSION = 5.0;
				TARGETED_DEVICE_FAMILY = 1;
			};
			name = Release;
		};
/* End XCBuildConfiguration section */

/* Begin XCConfigurationList section */
		0017D63F2B74F41000675168 /* Build configuration list for PBXProject "Tracker" */ = {
			isa = XCConfigurationList;
			buildConfigurations = (
				0017D6562B74F41100675168 /* Debug */,
				0017D6572B74F41100675168 /* Release */,
			);
			defaultConfigurationIsVisible = 0;
			defaultConfigurationName = Release;
		};
		0017D6582B74F41100675168 /* Build configuration list for PBXNativeTarget "Tracker" */ = {
			isa = XCConfigurationList;
			buildConfigurations = (
				0017D6592B74F41100675168 /* Debug */,
				0017D65A2B74F41100675168 /* Release */,
			);
			defaultConfigurationIsVisible = 0;
			defaultConfigurationName = Release;
		};
/* End XCConfigurationList section */

/* Begin XCVersionGroup section */
		00D4A25B2B910C72008BC7B2 /* Tracker.xcdatamodeld */ = {
			isa = XCVersionGroup;
			children = (
				00D4A25C2B910C72008BC7B2 /* TrackerDataModel.xcdatamodel */,
			);
			currentVersion = 00D4A25C2B910C72008BC7B2 /* TrackerDataModel.xcdatamodel */;
			path = Tracker.xcdatamodeld;
			sourceTree = "<group>";
			versionGroupType = wrapper.xcdatamodel;
		};
/* End XCVersionGroup section */
	};
	rootObject = 0017D63C2B74F41000675168 /* Project object */;
}
